
Microsoft Visual Studio Solution File, Format Version 12.00
# Visual Studio Version 17
VisualStudioVersion = 17.0.31423.177
MinimumVisualStudioVersion = 10.0.40219.1
Project("{9A19103F-16F7-4668-BE54-9A1E7A4F7556}") = "Open WSL Distros", "Open WSL Distros\Open WSL Distros.csproj", "{79E3F979-D329-474B-9A28-050A9FE633C4}"
EndProject
Project("{9A19103F-16F7-4668-BE54-9A1E7A4F7556}") = "OpenWSLDistrosSetupWIP", "OpenWSLDistrosSetup\OpenWSLDistrosSetupWIP.csproj", "{3A53DF94-C8C3-4B52-A65B-4378BB8F9EE9}"
EndProject
Project("{D954291E-2A0B-460D-934E-DC6B0785DB48}") = "SetupItems", "SetupItems\SetupItems.shproj", "{00CC6CD3-06EC-4416-872E-46EB82314F6D}"
EndProject
Project("{2150E333-8FDC-42A3-9474-1A3956D46DE8}") = "SetupProjects", "SetupProjects", "{AD1C1B3D-31DE-43AD-8234-E0B9D22AA4C9}"
EndProject
Project("{C7167F0D-BC9F-4E6E-AFE1-012C56B48DB5}") = "OpenWSLDistrosUWPSetup", "OpenWSLDistrosUWPSetup\OpenWSLDistrosUWPSetup.wapproj", "{2990BAAE-E9C4-413A-9F2C-43F20DA17342}"
EndProject
Global
	GlobalSection(SharedMSBuildProjectFiles) = preSolution
		SetupItems\SetupItems.projitems*{00cc6cd3-06ec-4416-872e-46eb82314f6d}*SharedItemsImports = 13
		SetupItems\SetupItems.projitems*{3a53df94-c8c3-4b52-a65b-4378bb8f9ee9}*SharedItemsImports = 5
	EndGlobalSection
	GlobalSection(SolutionConfigurationPlatforms) = preSolution
		Debug|Any CPU = Debug|Any CPU
		Debug|ARM = Debug|ARM
		Debug|ARM64 = Debug|ARM64
		Debug|x64 = Debug|x64
		Debug|x86 = Debug|x86
		Release|Any CPU = Release|Any CPU
		Release|ARM = Release|ARM
		Release|ARM64 = Release|ARM64
		Release|x64 = Release|x64
		Release|x86 = Release|x86
	EndGlobalSection
	GlobalSection(ProjectConfigurationPlatforms) = postSolution
		{79E3F979-D329-474B-9A28-050A9FE633C4}.Debug|Any CPU.ActiveCfg = Debug|Any CPU
		{79E3F979-D329-474B-9A28-050A9FE633C4}.Debug|Any CPU.Build.0 = Debug|Any CPU
		{79E3F979-D329-474B-9A28-050A9FE633C4}.Debug|ARM.ActiveCfg = Debug|Any CPU
		{79E3F979-D329-474B-9A28-050A9FE633C4}.Debug|ARM.Build.0 = Debug|Any CPU
		{79E3F979-D329-474B-9A28-050A9FE633C4}.Debug|ARM64.ActiveCfg = Debug|Any CPU
		{79E3F979-D329-474B-9A28-050A9FE633C4}.Debug|ARM64.Build.0 = Debug|Any CPU
		{79E3F979-D329-474B-9A28-050A9FE633C4}.Debug|x64.ActiveCfg = Debug|Any CPU
		{79E3F979-D329-474B-9A28-050A9FE633C4}.Debug|x64.Build.0 = Debug|Any CPU
		{79E3F979-D329-474B-9A28-050A9FE633C4}.Debug|x86.ActiveCfg = Debug|Any CPU
		{79E3F979-D329-474B-9A28-050A9FE633C4}.Debug|x86.Build.0 = Debug|Any CPU
		{79E3F979-D329-474B-9A28-050A9FE633C4}.Release|Any CPU.ActiveCfg = Release|Any CPU
		{79E3F979-D329-474B-9A28-050A9FE633C4}.Release|Any CPU.Build.0 = Release|Any CPU
		{79E3F979-D329-474B-9A28-050A9FE633C4}.Release|ARM.ActiveCfg = Release|Any CPU
		{79E3F979-D329-474B-9A28-050A9FE633C4}.Release|ARM.Build.0 = Release|Any CPU
		{79E3F979-D329-474B-9A28-050A9FE633C4}.Release|ARM64.ActiveCfg = Release|Any CPU
		{79E3F979-D329-474B-9A28-050A9FE633C4}.Release|ARM64.Build.0 = Release|Any CPU
		{79E3F979-D329-474B-9A28-050A9FE633C4}.Release|x64.ActiveCfg = Release|Any CPU
		{79E3F979-D329-474B-9A28-050A9FE633C4}.Release|x64.Build.0 = Release|Any CPU
		{79E3F979-D329-474B-9A28-050A9FE633C4}.Release|x86.ActiveCfg = Release|Any CPU
		{79E3F979-D329-474B-9A28-050A9FE633C4}.Release|x86.Build.0 = Release|Any CPU
		{3A53DF94-C8C3-4B52-A65B-4378BB8F9EE9}.Debug|Any CPU.ActiveCfg = Debug|Any CPU
		{3A53DF94-C8C3-4B52-A65B-4378BB8F9EE9}.Debug|Any CPU.Build.0 = Debug|Any CPU
		{3A53DF94-C8C3-4B52-A65B-4378BB8F9EE9}.Debug|ARM.ActiveCfg = Debug|Any CPU
		{3A53DF94-C8C3-4B52-A65B-4378BB8F9EE9}.Debug|ARM.Build.0 = Debug|Any CPU
		{3A53DF94-C8C3-4B52-A65B-4378BB8F9EE9}.Debug|ARM64.ActiveCfg = Debug|Any CPU
		{3A53DF94-C8C3-4B52-A65B-4378BB8F9EE9}.Debug|ARM64.Build.0 = Debug|Any CPU
		{3A53DF94-C8C3-4B52-A65B-4378BB8F9EE9}.Debug|x64.ActiveCfg = Debug|Any CPU
		{3A53DF94-C8C3-4B52-A65B-4378BB8F9EE9}.Debug|x64.Build.0 = Debug|Any CPU
		{3A53DF94-C8C3-4B52-A65B-4378BB8F9EE9}.Debug|x86.ActiveCfg = Debug|Any CPU
		{3A53DF94-C8C3-4B52-A65B-4378BB8F9EE9}.Debug|x86.Build.0 = Debug|Any CPU
		{3A53DF94-C8C3-4B52-A65B-4378BB8F9EE9}.Release|Any CPU.ActiveCfg = Release|Any CPU
		{3A53DF94-C8C3-4B52-A65B-4378BB8F9EE9}.Release|Any CPU.Build.0 = Release|Any CPU
		{3A53DF94-C8C3-4B52-A65B-4378BB8F9EE9}.Release|ARM.ActiveCfg = Release|Any CPU
		{3A53DF94-C8C3-4B52-A65B-4378BB8F9EE9}.Release|ARM.Build.0 = Release|Any CPU
		{3A53DF94-C8C3-4B52-A65B-4378BB8F9EE9}.Release|ARM64.ActiveCfg = Release|Any CPU
		{3A53DF94-C8C3-4B52-A65B-4378BB8F9EE9}.Release|ARM64.Build.0 = Release|Any CPU
		{3A53DF94-C8C3-4B52-A65B-4378BB8F9EE9}.Release|x64.ActiveCfg = Release|Any CPU
		{3A53DF94-C8C3-4B52-A65B-4378BB8F9EE9}.Release|x64.Build.0 = Release|Any CPU
		{3A53DF94-C8C3-4B52-A65B-4378BB8F9EE9}.Release|x86.ActiveCfg = Release|Any CPU
		{3A53DF94-C8C3-4B52-A65B-4378BB8F9EE9}.Release|x86.Build.0 = Release|Any CPU
		{2990BAAE-E9C4-413A-9F2C-43F20DA17342}.Debug|Any CPU.ActiveCfg = Debug|Any CPU
		{2990BAAE-E9C4-413A-9F2C-43F20DA17342}.Debug|Any CPU.Build.0 = Debug|Any CPU
		{2990BAAE-E9C4-413A-9F2C-43F20DA17342}.Debug|Any CPU.Deploy.0 = Debug|Any CPU
		{2990BAAE-E9C4-413A-9F2C-43F20DA17342}.Debug|ARM.ActiveCfg = Debug|ARM
		{2990BAAE-E9C4-413A-9F2C-43F20DA17342}.Debug|ARM.Build.0 = Debug|ARM
		{2990BAAE-E9C4-413A-9F2C-43F20DA17342}.Debug|ARM.Deploy.0 = Debug|ARM
		{2990BAAE-E9C4-413A-9F2C-43F20DA17342}.Debug|ARM64.ActiveCfg = Debug|ARM64
		{2990BAAE-E9C4-413A-9F2C-43F20DA17342}.Debug|ARM64.Build.0 = Debug|ARM64
		{2990BAAE-E9C4-413A-9F2C-43F20DA17342}.Debug|ARM64.Deploy.0 = Debug|ARM64
		{2990BAAE-E9C4-413A-9F2C-43F20DA17342}.Debug|x64.ActiveCfg = Debug|x64
		{2990BAAE-E9C4-413A-9F2C-43F20DA17342}.Debug|x64.Build.0 = Debug|x64
		{2990BAAE-E9C4-413A-9F2C-43F20DA17342}.Debug|x64.Deploy.0 = Debug|x64
		{2990BAAE-E9C4-413A-9F2C-43F20DA17342}.Debug|x86.ActiveCfg = Debug|x86
		{2990BAAE-E9C4-413A-9F2C-43F20DA17342}.Debug|x86.Build.0 = Debug|x86
		{2990BAAE-E9C4-413A-9F2C-43F20DA17342}.Debug|x86.Deploy.0 = Debug|x86
		{2990BAAE-E9C4-413A-9F2C-43F20DA17342}.Release|Any CPU.ActiveCfg = Release|Any CPU
		{2990BAAE-E9C4-413A-9F2C-43F20DA17342}.Release|Any CPU.Build.0 = Release|Any CPU
		{2990BAAE-E9C4-413A-9F2C-43F20DA17342}.Release|Any CPU.Deploy.0 = Release|Any CPU
		{2990BAAE-E9C4-413A-9F2C-43F20DA17342}.Release|ARM.ActiveCfg = Release|ARM
		{2990BAAE-E9C4-413A-9F2C-43F20DA17342}.Release|ARM.Build.0 = Release|ARM
		{2990BAAE-E9C4-413A-9F2C-43F20DA17342}.Release|ARM.Deploy.0 = Release|ARM
		{2990BAAE-E9C4-413A-9F2C-43F20DA17342}.Release|ARM64.ActiveCfg = Release|ARM64
		{2990BAAE-E9C4-413A-9F2C-43F20DA17342}.Release|ARM64.Build.0 = Release|ARM64
		{2990BAAE-E9C4-413A-9F2C-43F20DA17342}.Release|ARM64.Deploy.0 = Release|ARM64
		{2990BAAE-E9C4-413A-9F2C-43F20DA17342}.Release|x64.ActiveCfg = Release|x64
		{2990BAAE-E9C4-413A-9F2C-43F20DA17342}.Release|x64.Build.0 = Release|x64
		{2990BAAE-E9C4-413A-9F2C-43F20DA17342}.Release|x64.Deploy.0 = Release|x64
		{2990BAAE-E9C4-413A-9F2C-43F20DA17342}.Release|x86.ActiveCfg = Release|x86
		{2990BAAE-E9C4-413A-9F2C-43F20DA17342}.Release|x86.Build.0 = Release|x86
		{2990BAAE-E9C4-413A-9F2C-43F20DA17342}.Release|x86.Deploy.0 = Release|x86
	EndGlobalSection
	GlobalSection(SolutionProperties) = preSolution
		HideSolutionNode = FALSE
	EndGlobalSection
	GlobalSection(NestedProjects) = preSolution
		{3A53DF94-C8C3-4B52-A65B-4378BB8F9EE9} = {AD1C1B3D-31DE-43AD-8234-E0B9D22AA4C9}
		{00CC6CD3-06EC-4416-872E-46EB82314F6D} = {AD1C1B3D-31DE-43AD-8234-E0B9D22AA4C9}
		{2990BAAE-E9C4-413A-9F2C-43F20DA17342} = {AD1C1B3D-31DE-43AD-8234-E0B9D22AA4C9}
	EndGlobalSection
	GlobalSection(ExtensibilityGlobals) = postSolution
		SolutionGuid = {08266D8E-2B9F-4A8B-B9DE-3F1441A1E7AF}
	EndGlobalSection
EndGlobal
