
Microsoft Visual Studio Solution File, Format Version 12.00
# Visual Studio Version 17
VisualStudioVersion = 17.0.31423.177
MinimumVisualStudioVersion = 10.0.40219.1
Project("{9A19103F-16F7-4668-BE54-9A1E7A4F7556}") = "Open WSL Distros", "Open WSL Distros\Open WSL Distros.csproj", "{79E3F979-D329-474B-9A28-050A9FE633C4}"
EndProject
Project("{9A19103F-16F7-4668-BE54-9A1E7A4F7556}") = "OpenWSLDistrosSetup", "OpenWSLDistrosSetup\OpenWSLDistrosSetup.csproj", "{3A53DF94-C8C3-4B52-A65B-4378BB8F9EE9}"
EndProject
Project("{D954291E-2A0B-460D-934E-DC6B0785DB48}") = "SetupItems", "SetupItems\SetupItems.shproj", "{00CC6CD3-06EC-4416-872E-46EB82314F6D}"
EndProject
Global
	GlobalSection(SharedMSBuildProjectFiles) = preSolution
		SetupItems\SetupItems.projitems*{00cc6cd3-06ec-4416-872e-46eb82314f6d}*SharedItemsImports = 13
		SetupItems\SetupItems.projitems*{3a53df94-c8c3-4b52-a65b-4378bb8f9ee9}*SharedItemsImports = 5
	EndGlobalSection
	GlobalSection(SolutionConfigurationPlatforms) = preSolution
		Debug|Any CPU = Debug|Any CPU
		Release|Any CPU = Release|Any CPU
	EndGlobalSection
	GlobalSection(ProjectConfigurationPlatforms) = postSolution
		{79E3F979-D329-474B-9A28-050A9FE633C4}.Debug|Any CPU.ActiveCfg = Debug|Any CPU
		{79E3F979-D329-474B-9A28-050A9FE633C4}.Debug|Any CPU.Build.0 = Debug|Any CPU
		{79E3F979-D329-474B-9A28-050A9FE633C4}.Release|Any CPU.ActiveCfg = Release|Any CPU
		{79E3F979-D329-474B-9A28-050A9FE633C4}.Release|Any CPU.Build.0 = Release|Any CPU
		{3A53DF94-C8C3-4B52-A65B-4378BB8F9EE9}.Debug|Any CPU.ActiveCfg = Debug|Any CPU
		{3A53DF94-C8C3-4B52-A65B-4378BB8F9EE9}.Debug|Any CPU.Build.0 = Debug|Any CPU
		{3A53DF94-C8C3-4B52-A65B-4378BB8F9EE9}.Release|Any CPU.ActiveCfg = Release|Any CPU
		{3A53DF94-C8C3-4B52-A65B-4378BB8F9EE9}.Release|Any CPU.Build.0 = Release|Any CPU
	EndGlobalSection
	GlobalSection(SolutionProperties) = preSolution
		HideSolutionNode = FALSE
	EndGlobalSection
	GlobalSection(ExtensibilityGlobals) = postSolution
		SolutionGuid = {08266D8E-2B9F-4A8B-B9DE-3F1441A1E7AF}
	EndGlobalSection
EndGlobal
